<?xml version="1.0" encoding="utf-8"?>
<Project ToolsVersion="4.0" xmlns="http://schemas.microsoft.com/developer/msbuild/2003">
  <ItemGroup>
    <Filter Include="Source Files">
      <UniqueIdentifier>{4FC737F1-C7A5-4376-A066-2A32D752A2FF}</UniqueIdentifier>
      <Extensions>cpp;c;cc;cxx;c++;cppm;ixx;def;odl;idl;hpj;bat;asm;asmx</Extensions>
    </Filter>
    <Filter Include="Resource Files">
      <UniqueIdentifier>{67DA6AB6-F800-4c08-8B7A-83BB121AAD01}</UniqueIdentifier>
      <Extensions>rc;ico;cur;bmp;dlg;rc2;rct;bin;rgs;gif;jpg;jpeg;jpe;resx;tiff;tif;png;wav;mfcribbon-ms</Extensions>
    </Filter>
    <Filter Include="Source Files\Graphics Engine">
      <UniqueIdentifier>{10bec8ce-d8fd-4616-a2d3-89ee3c6a07d2}</UniqueIdentifier>
    </Filter>
    <Filter Include="Source Files\Graphics Engine\Shaders">
      <UniqueIdentifier>{a9a9e73c-0f83-4a1e-ac81-83b5c7062a9d}</UniqueIdentifier>
    </Filter>
    <Filter Include="Source Files\Managers">
      <UniqueIdentifier>{9bb5974c-b33c-46df-9943-153540d2c2d7}</UniqueIdentifier>
    </Filter>
    <Filter Include="Source Files\Graphics Engine\Rendering">
      <UniqueIdentifier>{2fd5ecfe-9003-4033-bdea-1bfc2e2b526c}</UniqueIdentifier>
    </Filter>
    <Filter Include="Source Files\Graphics Engine\Buffers">
      <UniqueIdentifier>{10ac4105-be54-4039-86f4-ae0d851ada69}</UniqueIdentifier>
    </Filter>
    <Filter Include="Source Files\Graphics Engine\Buffers\Constant Buffer">
      <UniqueIdentifier>{48506956-a81c-442a-a306-b8a915ec02d4}</UniqueIdentifier>
    </Filter>
    <Filter Include="Source Files\Graphics Engine\Buffers\Vertex Buffer">
      <UniqueIdentifier>{c3a82533-8110-4d83-b84c-a22c4bb6f02d}</UniqueIdentifier>
    </Filter>
    <Filter Include="Source Files\Graphics Engine\Buffers\Index Buffer">
      <UniqueIdentifier>{6a43cdb9-bec6-460c-9ff9-ba900c4a5a1e}</UniqueIdentifier>
    </Filter>
    <Filter Include="Source Files\Graphics Engine\Shaders\Pixel Shader">
      <UniqueIdentifier>{19e6b058-b736-4adc-b63a-fc744478a951}</UniqueIdentifier>
    </Filter>
    <Filter Include="Source Files\Graphics Engine\Shaders\Vertex Shader">
      <UniqueIdentifier>{9e3d5a52-637b-475d-9b97-a48a69a0ae14}</UniqueIdentifier>
    </Filter>
    <Filter Include="Source Files\Managers\Input System">
      <UniqueIdentifier>{18208c82-1f9e-4db6-90db-20cb9c7068d9}</UniqueIdentifier>
    </Filter>
    <Filter Include="Source Files\Managers\Input System\Input Listener">
      <UniqueIdentifier>{1ab90565-c5be-4b38-8ba0-d4a21a9d0c64}</UniqueIdentifier>
    </Filter>
    <Filter Include="Source Files\Graphics Engine\Rendering\Swap Chain">
      <UniqueIdentifier>{6ab55759-7bf0-43b6-b7c6-442d8fd70d59}</UniqueIdentifier>
    </Filter>
    <Filter Include="Source Files\Graphics Engine\Rendering\Device Context">
      <UniqueIdentifier>{43fbda87-a2d0-4237-bf28-b179edb06c0d}</UniqueIdentifier>
    </Filter>
    <Filter Include="Source Files\Math">
      <UniqueIdentifier>{15d8417a-1703-4aba-b22a-3131b605c768}</UniqueIdentifier>
    </Filter>
    <Filter Include="Source Files\Graphics Engine\Camera">
      <UniqueIdentifier>{63c783a0-66d4-48dc-8f91-2de1426dd581}</UniqueIdentifier>
    </Filter>
    <Filter Include="Source Files\Library">
      <UniqueIdentifier>{2aee2593-dd37-474d-a450-5d5204fee093}</UniqueIdentifier>
    </Filter>
    <Filter Include="Source Files\Managers\Shader Manager">
      <UniqueIdentifier>{dfb2e8f4-615c-4660-816b-1c891c08ecb2}</UniqueIdentifier>
    </Filter>
    <Filter Include="Source Files\Window">
      <UniqueIdentifier>{746caf20-6c5e-4c0d-ae25-bcdd5f753f2b}</UniqueIdentifier>
    </Filter>
    <Filter Include="Source Files\Window\App Window">
      <UniqueIdentifier>{2dd31ebc-591d-430f-8481-f7a6c8de361d}</UniqueIdentifier>
    </Filter>
    <Filter Include="Source Files\GameObject">
      <UniqueIdentifier>{fe46b49b-3a9e-4111-8730-b9027d052791}</UniqueIdentifier>
    </Filter>
    <Filter Include="Source Files\Graphics Engine\Rendering\Screen Capture">
      <UniqueIdentifier>{07cc0c92-e39c-4e47-84ce-b2aac1d8fb9e}</UniqueIdentifier>
    </Filter>
    <Filter Include="IMGUI">
      <UniqueIdentifier>{737c4698-85ec-4faa-8c6a-72b78191a79c}</UniqueIdentifier>
    </Filter>
    <Filter Include="Source Files\Graphics Engine\Camera\Cameras">
      <UniqueIdentifier>{bf9382cd-8cde-49d2-9775-eda5262cd447}</UniqueIdentifier>
    </Filter>
    <Filter Include="Source Files\Graphics Engine\Camera\Cameras\Perspective Camera">
      <UniqueIdentifier>{c99f5e18-578a-41c3-b023-06dfe14554b6}</UniqueIdentifier>
    </Filter>
    <Filter Include="Source Files\Parenting">
      <UniqueIdentifier>{25a45f20-77c5-4b14-87e0-988000558309}</UniqueIdentifier>
    </Filter>
  </ItemGroup>
  <ItemGroup>
    <ClCompile Include="App\main.cpp">
      <Filter>Source Files</Filter>
    </ClCompile>
    <ClCompile Include="Game Engine\Graphics Engine\Cube\Cube.cpp">
      <Filter>Source Files</Filter>
    </ClCompile>
    <ClCompile Include="Game Engine\Graphics Engine\GraphicsEngine.cpp">
      <Filter>Source Files\Graphics Engine</Filter>
    </ClCompile>
    <ClCompile Include="Game Engine\Window\Window.cpp">
      <Filter>Source Files\Window</Filter>
    </ClCompile>
    <ClCompile Include="Game Engine\Graphics Engine\ConstantBuffer\ConstantBuffer.cpp">
      <Filter>Source Files\Graphics Engine\Buffers\Constant Buffer</Filter>
    </ClCompile>
    <ClCompile Include="Game Engine\Graphics Engine\VertexBuffer\VertexBuffer.cpp">
      <Filter>Source Files\Graphics Engine\Buffers\Vertex Buffer</Filter>
    </ClCompile>
    <ClCompile Include="Game Engine\Graphics Engine\IndexBuffer\IndexBuffer.cpp">
      <Filter>Source Files\Graphics Engine\Buffers\Index Buffer</Filter>
    </ClCompile>
    <ClCompile Include="App\AppWindow.cpp">
      <Filter>Source Files\Window\App Window</Filter>
    </ClCompile>
    <ClCompile Include="Game Engine\Graphics Engine\PixelShader\PixelShader.cpp">
      <Filter>Source Files\Graphics Engine\Shaders\Pixel Shader</Filter>
    </ClCompile>
    <ClCompile Include="Game Engine\Graphics Engine\VertexShader\VertexShader.cpp">
      <Filter>Source Files\Graphics Engine\Shaders\Vertex Shader</Filter>
    </ClCompile>
    <ClCompile Include="Game Engine\Input System\InputSystem.cpp">
      <Filter>Source Files\Managers\Input System</Filter>
    </ClCompile>
    <ClCompile Include="Game Engine\Graphics Engine\DeviceContext\DeviceContext.cpp">
      <Filter>Source Files\Graphics Engine\Rendering\Device Context</Filter>
    </ClCompile>
    <ClCompile Include="Game Engine\Graphics Engine\ShaderManager\ShaderManager.cpp">
      <Filter>Source Files\Managers\Shader Manager</Filter>
    </ClCompile>
    <ClCompile Include="Quad.cpp">
      <Filter>Source Files</Filter>
    </ClCompile>
    <ClCompile Include="Time.cpp">
      <Filter>Source Files\Managers</Filter>
    </ClCompile>
    <ClCompile Include="Game Engine\Graphics Engine\SwapChain\SwapChain.cpp">
      <Filter>Source Files\Graphics Engine\Rendering\Swap Chain</Filter>
    </ClCompile>
    <ClCompile Include="ScreenCapture.cpp">
      <Filter>Source Files\Graphics Engine\Rendering\Screen Capture</Filter>
    </ClCompile>
    <ClCompile Include="IMGUI\imgui.cpp">
      <Filter>IMGUI</Filter>
    </ClCompile>
    <ClCompile Include="IMGUI\imgui_demo.cpp">
      <Filter>IMGUI</Filter>
    </ClCompile>
    <ClCompile Include="IMGUI\imgui_draw.cpp">
      <Filter>IMGUI</Filter>
    </ClCompile>
    <ClCompile Include="IMGUI\imgui_impl_dx11.cpp">
      <Filter>IMGUI</Filter>
    </ClCompile>
    <ClCompile Include="IMGUI\imgui_impl_win32.cpp">
      <Filter>IMGUI</Filter>
    </ClCompile>
    <ClCompile Include="IMGUI\imgui_widgets.cpp">
      <Filter>IMGUI</Filter>
    </ClCompile>
    <ClCompile Include="PerspectiveCamera.cpp">
      <Filter>Source Files\Graphics Engine\Camera\Cameras\Perspective Camera</Filter>
    </ClCompile>
    <ClCompile Include="CameraManager.cpp">
      <Filter>Source Files\Graphics Engine\Camera\Cameras</Filter>
    </ClCompile>
    <ClCompile Include="ParentingManager.cpp">
      <Filter>Source Files\Parenting</Filter>
    </ClCompile>
    <ClCompile Include="HierarchyScreen.cpp">
      <Filter>Source Files</Filter>
    </ClCompile>
    <ClCompile Include="InspectorScreen.cpp">
      <Filter>Source Files</Filter>
    </ClCompile>
    <ClCompile Include="UIManager.cpp">
      <Filter>Source Files</Filter>
    </ClCompile>
    <ClCompile Include="IGUID.h">
      <Filter>Source Files</Filter>
    </ClCompile>
    <ClCompile Include="MenuBarUI.cpp">
      <Filter>Source Files</Filter>
    </ClCompile>
    <ClCompile Include="GameObjectManager.cpp">
      <Filter>Source Files</Filter>
    </ClCompile>
    <ClCompile Include="ReparentPromptScreen.cpp">
      <Filter>Source Files</Filter>
    </ClCompile>
    <ClCompile Include="Mesh.cpp">
      <Filter>Source Files</Filter>
    </ClCompile>
    <ClCompile Include="Texture.cpp">
      <Filter>Source Files</Filter>
    </ClCompile>
  </ItemGroup>
  <ItemGroup>
    <ClInclude Include="Game Engine\Math\Point.h">
      <Filter>Source Files\Math</Filter>
    </ClInclude>
    <ClInclude Include="Game Engine\Math\Matrix4x4.h">
      <Filter>Source Files\Math</Filter>
    </ClInclude>
    <ClInclude Include="Game Engine\Math\Vector3D.h">
      <Filter>Source Files\Math</Filter>
    </ClInclude>
    <ClInclude Include="Game Engine\Math\Vector4D.h">
      <Filter>Source Files\Math</Filter>
    </ClInclude>
    <ClInclude Include="Game Engine\Graphics Engine\ConstantBuffer\ConstantBuffer.h">
      <Filter>Source Files\Graphics Engine\Buffers\Constant Buffer</Filter>
    </ClInclude>
    <ClInclude Include="Game Engine\Graphics Engine\VertexBuffer\VertexBuffer.h">
      <Filter>Source Files\Graphics Engine\Buffers\Vertex Buffer</Filter>
    </ClInclude>
    <ClInclude Include="Game Engine\Graphics Engine\IndexBuffer\IndexBuffer.h">
      <Filter>Source Files\Graphics Engine\Buffers\Index Buffer</Filter>
    </ClInclude>
    <ClInclude Include="Game Engine\Window\Window.h">
      <Filter>Source Files\Window</Filter>
    </ClInclude>
    <ClInclude Include="App\AppWindow.h">
      <Filter>Source Files\Window\App Window</Filter>
    </ClInclude>
    <ClInclude Include="Game Engine\Graphics Engine\PixelShader\PixelShader.h">
      <Filter>Source Files\Graphics Engine\Shaders\Pixel Shader</Filter>
    </ClInclude>
    <ClInclude Include="Game Engine\Graphics Engine\VertexShader\VertexShader.h">
      <Filter>Source Files\Graphics Engine\Shaders\Vertex Shader</Filter>
    </ClInclude>
    <ClInclude Include="Game Engine\Graphics Engine\GraphicsEngine.h">
      <Filter>Source Files\Graphics Engine</Filter>
    </ClInclude>
    <ClInclude Include="Game Engine\Input System\InputSystem.h">
      <Filter>Source Files\Managers\Input System</Filter>
    </ClInclude>
    <ClInclude Include="Game Engine\Input System\InputListener.h">
      <Filter>Source Files\Managers\Input System\Input Listener</Filter>
    </ClInclude>
    <ClInclude Include="Game Engine\Graphics Engine\SwapChain\SwapChain.h">
      <Filter>Source Files\Graphics Engine\Rendering\Swap Chain</Filter>
    </ClInclude>
    <ClInclude Include="Game Engine\Graphics Engine\DeviceContext\DeviceContext.h">
      <Filter>Source Files\Graphics Engine\Rendering\Device Context</Filter>
    </ClInclude>
    <ClInclude Include="Game Engine\Graphics Engine\Cube\Cube.h">
      <Filter>Source Files</Filter>
    </ClInclude>
    <ClInclude Include="Library\Interfaces\Singleton.h">
      <Filter>Source Files\Library</Filter>
    </ClInclude>
    <ClInclude Include="Game Engine\Graphics Engine\ShaderManager\ShaderManager.h">
      <Filter>Source Files\Managers\Shader Manager</Filter>
    </ClInclude>
    <ClInclude Include="Game Engine\Graphics Engine\Transform\Transform.h">
      <Filter>Source Files\Graphics Engine</Filter>
    </ClInclude>
    <ClInclude Include="GameObject.h">
      <Filter>Source Files\GameObject</Filter>
    </ClInclude>
    <ClInclude Include="Quad.h" />
    <ClInclude Include="Time.h">
      <Filter>Source Files\Managers</Filter>
    </ClInclude>
    <ClInclude Include="ScreenCapture.h">
      <Filter>Source Files\Graphics Engine\Rendering\Screen Capture</Filter>
    </ClInclude>
    <ClInclude Include="IMGUI\imconfig.h">
      <Filter>IMGUI</Filter>
    </ClInclude>
    <ClInclude Include="IMGUI\imgui.h">
      <Filter>IMGUI</Filter>
    </ClInclude>
    <ClInclude Include="IMGUI\imgui_impl_dx11.h">
      <Filter>IMGUI</Filter>
    </ClInclude>
    <ClInclude Include="IMGUI\imgui_impl_win32.h">
      <Filter>IMGUI</Filter>
    </ClInclude>
    <ClInclude Include="IMGUI\imgui_internal.h">
      <Filter>IMGUI</Filter>
    </ClInclude>
    <ClInclude Include="IMGUI\imstb_rectpack.h">
      <Filter>IMGUI</Filter>
    </ClInclude>
    <ClInclude Include="IMGUI\imstb_textedit.h">
      <Filter>IMGUI</Filter>
    </ClInclude>
    <ClInclude Include="IMGUI\imstb_truetype.h">
      <Filter>IMGUI</Filter>
    </ClInclude>
    <ClInclude Include="Camera.h">
      <Filter>Source Files\Graphics Engine\Camera</Filter>
    </ClInclude>
    <ClInclude Include="PerspectiveCamera.h">
      <Filter>Source Files\Graphics Engine\Camera\Cameras\Perspective Camera</Filter>
    </ClInclude>
    <ClInclude Include="CameraManager.h">
      <Filter>Source Files\Graphics Engine\Camera\Cameras</Filter>
    </ClInclude>
    <ClInclude Include="ParentingManager.h">
      <Filter>Source Files\Parenting</Filter>
    </ClInclude>
    <ClInclude Include="HierarchyScreen.h" />
    <ClInclude Include="InspectorScreen.h" />
    <ClInclude Include="UIManager.h" />
    <ClInclude Include="UIScreen.h" />
    <ClInclude Include="IMediator.h">
      <Filter>Source Files\Library</Filter>
    </ClInclude>
    <ClInclude Include="MenuBarUI.h" />
    <ClInclude Include="GameObjectManager.h" />
    <ClInclude Include="ReparentPromptScreen.h" />
    <ClInclude Include="Mesh.h" />
    <ClInclude Include="MeshVertex.h" />
    <ClInclude Include="Vector2D.h">
      <Filter>Source Files</Filter>
    </ClInclude>
    <ClInclude Include="Texture.h" />
  </ItemGroup>
  <ItemGroup>
    <FxCompile Include="shader.fx">
      <Filter>Resource Files</Filter>
    </FxCompile>
    <FxCompile Include="VertexShader.hlsl">
      <Filter>Resource Files</Filter>
    </FxCompile>
    <FxCompile Include="PixelShader.hlsl">
      <Filter>Resource Files</Filter>
    </FxCompile>
  </ItemGroup>
  <ItemGroup>
    <None Include="packages.config" />
    <None Include="IMGUI\imgui.ini">
      <Filter>IMGUI</Filter>
    </None>
  </ItemGroup>
  <ItemGroup>
    <CopyFileToFolders Include="brick.png">
      <Filter>Resource Files</Filter>
    </CopyFileToFolders>
  </ItemGroup>
</Project>